
Microsoft Visual Studio Solution File, Format Version 12.00
# Visual Studio Version 18
VisualStudioVersion = 18.1.11312.151 d18.0
MinimumVisualStudioVersion = 10.0.40219.1
Project("{FAE04EC0-301F-11D3-BF4B-00C04F79EFBC}") = "Homework 2", "Homework 2\Homework 2.csproj", "{4CA3D744-2D9D-FCAB-8EBD-805412234CAB}"
EndProject
Project("{FAE04EC0-301F-11D3-BF4B-00C04F79EFBC}") = "Homework 3", "Homework 3\Homework 3.csproj", "{D471D02D-CEB0-4D80-89C9-842E8EA6C116}"
EndProject
Project("{FAE04EC0-301F-11D3-BF4B-00C04F79EFBC}") = "Homework 4", "Homework 4\Homework 4.csproj", "{23C66983-75B3-4384-8C97-5850E462E10A}"
EndProject
Project("{FAE04EC0-301F-11D3-BF4B-00C04F79EFBC}") = "Homework 5", "Homework 5\Homework 5.csproj", "{FCB8284E-9D5D-4650-9EC1-F347FD306D2B}"
EndProject
Global
	GlobalSection(SolutionConfigurationPlatforms) = preSolution
		Debug|Any CPU = Debug|Any CPU
		Release|Any CPU = Release|Any CPU
	EndGlobalSection
	GlobalSection(ProjectConfigurationPlatforms) = postSolution
		{4CA3D744-2D9D-FCAB-8EBD-805412234CAB}.Debug|Any CPU.ActiveCfg = Debug|Any CPU
		{4CA3D744-2D9D-FCAB-8EBD-805412234CAB}.Debug|Any CPU.Build.0 = Debug|Any CPU
		{4CA3D744-2D9D-FCAB-8EBD-805412234CAB}.Release|Any CPU.ActiveCfg = Release|Any CPU
		{4CA3D744-2D9D-FCAB-8EBD-805412234CAB}.Release|Any CPU.Build.0 = Release|Any CPU
		{D471D02D-CEB0-4D80-89C9-842E8EA6C116}.Debug|Any CPU.ActiveCfg = Debug|Any CPU
		{D471D02D-CEB0-4D80-89C9-842E8EA6C116}.Debug|Any CPU.Build.0 = Debug|Any CPU
		{D471D02D-CEB0-4D80-89C9-842E8EA6C116}.Release|Any CPU.ActiveCfg = Release|Any CPU
		{D471D02D-CEB0-4D80-89C9-842E8EA6C116}.Release|Any CPU.Build.0 = Release|Any CPU
		{23C66983-75B3-4384-8C97-5850E462E10A}.Debug|Any CPU.ActiveCfg = Debug|Any CPU
		{23C66983-75B3-4384-8C97-5850E462E10A}.Debug|Any CPU.Build.0 = Debug|Any CPU
		{23C66983-75B3-4384-8C97-5850E462E10A}.Release|Any CPU.ActiveCfg = Release|Any CPU
		{23C66983-75B3-4384-8C97-5850E462E10A}.Release|Any CPU.Build.0 = Release|Any CPU
		{FCB8284E-9D5D-4650-9EC1-F347FD306D2B}.Debug|Any CPU.ActiveCfg = Debug|Any CPU
		{FCB8284E-9D5D-4650-9EC1-F347FD306D2B}.Debug|Any CPU.Build.0 = Debug|Any CPU
		{FCB8284E-9D5D-4650-9EC1-F347FD306D2B}.Release|Any CPU.ActiveCfg = Release|Any CPU
		{FCB8284E-9D5D-4650-9EC1-F347FD306D2B}.Release|Any CPU.Build.0 = Release|Any CPU
	EndGlobalSection
	GlobalSection(SolutionProperties) = preSolution
		HideSolutionNode = FALSE
	EndGlobalSection
	GlobalSection(ExtensibilityGlobals) = postSolution
		SolutionGuid = {40249F91-84D6-4A07-AE63-22EE5B643BD4}
	EndGlobalSection
EndGlobal
